
Microsoft Visual Studio Solution File, Format Version 12.00
# Visual Studio Version 16
VisualStudioVersion = 16.0.30413.136
MinimumVisualStudioVersion = 10.0.40219.1
Project("{FAE04EC0-301F-11D3-BF4B-00C04F79EFBC}") = "GHFTR2", "GHFTR2\GHFTR2.csproj", "{EDD7F2C1-E044-4DB8-8ED3-776A0BE7515B}"
EndProject
Global
	GlobalSection(SolutionConfigurationPlatforms) = preSolution
		Debug|Any CPU = Debug|Any CPU
		Release|Any CPU = Release|Any CPU
	EndGlobalSection
	GlobalSection(ProjectConfigurationPlatforms) = postSolution
		{EDD7F2C1-E044-4DB8-8ED3-776A0BE7515B}.Debug|Any CPU.ActiveCfg = Debug|Any CPU
		{EDD7F2C1-E044-4DB8-8ED3-776A0BE7515B}.Debug|Any CPU.Build.0 = Debug|Any CPU
		{EDD7F2C1-E044-4DB8-8ED3-776A0BE7515B}.Release|Any CPU.ActiveCfg = Release|Any CPU
		{EDD7F2C1-E044-4DB8-8ED3-776A0BE7515B}.Release|Any CPU.Build.0 = Release|Any CPU
	EndGlobalSection
	GlobalSection(SolutionProperties) = preSolution
		HideSolutionNode = FALSE
	EndGlobalSection
	GlobalSection(ExtensibilityGlobals) = postSolution
		SolutionGuid = {726656FD-5FC3-448E-B5C6-98B17CF2A92C}
	EndGlobalSection
EndGlobal
